
Microsoft Visual Studio Solution File, Format Version 12.00
# Visual Studio Version 17
VisualStudioVersion = 17.8.34330.188
MinimumVisualStudioVersion = 10.0.40219.1
Project("{FAE04EC0-301F-11D3-BF4B-00C04F79EFBC}") = "StudenPortal", "StudenPortal\StudenPortal.csproj", "{5AA87F01-116D-4DE8-B513-38F91F8040FC}"
EndProject
Global
	GlobalSection(SolutionConfigurationPlatforms) = preSolution
		Debug|Any CPU = Debug|Any CPU
		Release|Any CPU = Release|Any CPU
	EndGlobalSection
	GlobalSection(ProjectConfigurationPlatforms) = postSolution
		{5AA87F01-116D-4DE8-B513-38F91F8040FC}.Debug|Any CPU.ActiveCfg = Debug|Any CPU
		{5AA87F01-116D-4DE8-B513-38F91F8040FC}.Debug|Any CPU.Build.0 = Debug|Any CPU
		{5AA87F01-116D-4DE8-B513-38F91F8040FC}.Release|Any CPU.ActiveCfg = Release|Any CPU
		{5AA87F01-116D-4DE8-B513-38F91F8040FC}.Release|Any CPU.Build.0 = Release|Any CPU
	EndGlobalSection
	GlobalSection(SolutionProperties) = preSolution
		HideSolutionNode = FALSE
	EndGlobalSection
	GlobalSection(ExtensibilityGlobals) = postSolution
		SolutionGuid = {7088FCD7-2310-425C-971C-CD8C2B879885}
	EndGlobalSection
EndGlobal
